// !$*UTF8*$!
{
	archiveVersion = 1;
	classes = {
	};
	objectVersion = 46;
	objects = {

/* Begin PBXBuildFile section */
		1F221B355564A1F9C2BDBACF /* libPods-TestAppAgilieTests.a in Frameworks */ = {isa = PBXBuildFile; fileRef = 9B3311F52AA11C248D23738D /* libPods-TestAppAgilieTests.a */; };
		68D631C190E3B441067CB9C6 /* libPods-TestAppAgilieUITests.a in Frameworks */ = {isa = PBXBuildFile; fileRef = B4D9D2698DC7E6F6EA0E83A9 /* libPods-TestAppAgilieUITests.a */; };
		AACD159BB41F2D7E90BB97BD /* libPods-TestAppAgilie.a in Frameworks */ = {isa = PBXBuildFile; fileRef = 8214622CC3C32161632D8806 /* libPods-TestAppAgilie.a */; };
		E368D6FE1E420F620051CC0F /* GIphyAPIManager.m in Sources */ = {isa = PBXBuildFile; fileRef = E368D6FD1E420F620051CC0F /* GIphyAPIManager.m */; };
		E368D7021E42387B0051CC0F /* GifItem.m in Sources */ = {isa = PBXBuildFile; fileRef = E368D7011E42387B0051CC0F /* GifItem.m */; };
		E368D70D1E4264800051CC0F /* SearchGifsViewController.m in Sources */ = {isa = PBXBuildFile; fileRef = E368D70C1E4264800051CC0F /* SearchGifsViewController.m */; };
		E368D7111E42B1020051CC0F /* GifCollectionViewCell.m in Sources */ = {isa = PBXBuildFile; fileRef = E368D7101E42B1020051CC0F /* GifCollectionViewCell.m */; };
		E368D7161E4A45F30051CC0F /* NSDictionary+Validate.m in Sources */ = {isa = PBXBuildFile; fileRef = E368D7151E4A45F30051CC0F /* NSDictionary+Validate.m */; };
		E368D71B1E4A46DF0051CC0F /* GiphyParser.m in Sources */ = {isa = PBXBuildFile; fileRef = E368D71A1E4A46DF0051CC0F /* GiphyParser.m */; };
		E37193811E40B545008ABC51 /* main.m in Sources */ = {isa = PBXBuildFile; fileRef = E37193801E40B545008ABC51 /* main.m */; };
		E37193841E40B545008ABC51 /* AppDelegate.m in Sources */ = {isa = PBXBuildFile; fileRef = E37193831E40B545008ABC51 /* AppDelegate.m */; };
		E37193871E40B545008ABC51 /* TestAppAgilie.xcdatamodeld in Sources */ = {isa = PBXBuildFile; fileRef = E37193851E40B545008ABC51 /* TestAppAgilie.xcdatamodeld */; };
		E37193901E40B545008ABC51 /* Main.storyboard in Resources */ = {isa = PBXBuildFile; fileRef = E371938E1E40B545008ABC51 /* Main.storyboard */; };
		E37193921E40B545008ABC51 /* Assets.xcassets in Resources */ = {isa = PBXBuildFile; fileRef = E37193911E40B545008ABC51 /* Assets.xcassets */; };
		E37193951E40B545008ABC51 /* LaunchScreen.storyboard in Resources */ = {isa = PBXBuildFile; fileRef = E37193931E40B545008ABC51 /* LaunchScreen.storyboard */; };
		E37193A01E40B545008ABC51 /* TestAppAgilieTests.m in Sources */ = {isa = PBXBuildFile; fileRef = E371939F1E40B545008ABC51 /* TestAppAgilieTests.m */; };
		E37193AB1E40B545008ABC51 /* TestAppAgilieUITests.m in Sources */ = {isa = PBXBuildFile; fileRef = E37193AA1E40B545008ABC51 /* TestAppAgilieUITests.m */; };
/* End PBXBuildFile section */

/* Begin PBXContainerItemProxy section */
		E371939C1E40B545008ABC51 /* PBXContainerItemProxy */ = {
			isa = PBXContainerItemProxy;
			containerPortal = E37193741E40B544008ABC51 /* Project object */;
			proxyType = 1;
			remoteGlobalIDString = E371937B1E40B545008ABC51;
			remoteInfo = TestAppAgilie;
		};
		E37193A71E40B545008ABC51 /* PBXContainerItemProxy */ = {
			isa = PBXContainerItemProxy;
			containerPortal = E37193741E40B544008ABC51 /* Project object */;
			proxyType = 1;
			remoteGlobalIDString = E371937B1E40B545008ABC51;
			remoteInfo = TestAppAgilie;
		};
/* End PBXContainerItemProxy section */

/* Begin PBXFileReference section */
		205B8009769D634CD24796FE /* Pods-TestAppAgilie.debug.xcconfig */ = {isa = PBXFileReference; includeInIndex = 1; lastKnownFileType = text.xcconfig; name = "Pods-TestAppAgilie.debug.xcconfig"; path = "Pods/Target Support Files/Pods-TestAppAgilie/Pods-TestAppAgilie.debug.xcconfig"; sourceTree = "<group>"; };
		39C05517637B2973AB087509 /* Pods-TestAppAgilieUITests.release.xcconfig */ = {isa = PBXFileReference; includeInIndex = 1; lastKnownFileType = text.xcconfig; name = "Pods-TestAppAgilieUITests.release.xcconfig"; path = "Pods/Target Support Files/Pods-TestAppAgilieUITests/Pods-TestAppAgilieUITests.release.xcconfig"; sourceTree = "<group>"; };
		810423D70F557EDAC52F18D4 /* Pods-TestAppAgilie.release.xcconfig */ = {isa = PBXFileReference; includeInIndex = 1; lastKnownFileType = text.xcconfig; name = "Pods-TestAppAgilie.release.xcconfig"; path = "Pods/Target Support Files/Pods-TestAppAgilie/Pods-TestAppAgilie.release.xcconfig"; sourceTree = "<group>"; };
		8214622CC3C32161632D8806 /* libPods-TestAppAgilie.a */ = {isa = PBXFileReference; explicitFileType = archive.ar; includeInIndex = 0; path = "libPods-TestAppAgilie.a"; sourceTree = BUILT_PRODUCTS_DIR; };
		822194ADD4886B057A3AA90A /* Pods-TestAppAgilieUITests.debug.xcconfig */ = {isa = PBXFileReference; includeInIndex = 1; lastKnownFileType = text.xcconfig; name = "Pods-TestAppAgilieUITests.debug.xcconfig"; path = "Pods/Target Support Files/Pods-TestAppAgilieUITests/Pods-TestAppAgilieUITests.debug.xcconfig"; sourceTree = "<group>"; };
		9B3311F52AA11C248D23738D /* libPods-TestAppAgilieTests.a */ = {isa = PBXFileReference; explicitFileType = archive.ar; includeInIndex = 0; path = "libPods-TestAppAgilieTests.a"; sourceTree = BUILT_PRODUCTS_DIR; };
		A332AD568DD9FEC8810C8AB2 /* Pods-TestAppAgilieTests.debug.xcconfig */ = {isa = PBXFileReference; includeInIndex = 1; lastKnownFileType = text.xcconfig; name = "Pods-TestAppAgilieTests.debug.xcconfig"; path = "Pods/Target Support Files/Pods-TestAppAgilieTests/Pods-TestAppAgilieTests.debug.xcconfig"; sourceTree = "<group>"; };
		AA88CBB2C6C58B9823B25B51 /* Pods-TestAppAgilieTests.release.xcconfig */ = {isa = PBXFileReference; includeInIndex = 1; lastKnownFileType = text.xcconfig; name = "Pods-TestAppAgilieTests.release.xcconfig"; path = "Pods/Target Support Files/Pods-TestAppAgilieTests/Pods-TestAppAgilieTests.release.xcconfig"; sourceTree = "<group>"; };
		B4D9D2698DC7E6F6EA0E83A9 /* libPods-TestAppAgilieUITests.a */ = {isa = PBXFileReference; explicitFileType = archive.ar; includeInIndex = 0; path = "libPods-TestAppAgilieUITests.a"; sourceTree = BUILT_PRODUCTS_DIR; };
		E368D6FA1E420D6C0051CC0F /* Defines.h */ = {isa = PBXFileReference; fileEncoding = 4; lastKnownFileType = sourcecode.c.h; path = Defines.h; sourceTree = "<group>"; };
		E368D6FC1E420F620051CC0F /* GIphyAPIManager.h */ = {isa = PBXFileReference; fileEncoding = 4; lastKnownFileType = sourcecode.c.h; path = GIphyAPIManager.h; sourceTree = "<group>"; };
		E368D6FD1E420F620051CC0F /* GIphyAPIManager.m */ = {isa = PBXFileReference; fileEncoding = 4; lastKnownFileType = sourcecode.c.objc; path = GIphyAPIManager.m; sourceTree = "<group>"; };
		E368D6FF1E4211DC0051CC0F /* PrefixHeader.pch */ = {isa = PBXFileReference; fileEncoding = 4; lastKnownFileType = sourcecode.c.h; path = PrefixHeader.pch; sourceTree = "<group>"; };
		E368D7001E42387B0051CC0F /* GifItem.h */ = {isa = PBXFileReference; fileEncoding = 4; lastKnownFileType = sourcecode.c.h; path = GifItem.h; sourceTree = "<group>"; };
		E368D7011E42387B0051CC0F /* GifItem.m */ = {isa = PBXFileReference; fileEncoding = 4; lastKnownFileType = sourcecode.c.objc; path = GifItem.m; sourceTree = "<group>"; };
		E368D70B1E4264800051CC0F /* SearchGifsViewController.h */ = {isa = PBXFileReference; fileEncoding = 4; lastKnownFileType = sourcecode.c.h; path = SearchGifsViewController.h; sourceTree = "<group>"; };
		E368D70C1E4264800051CC0F /* SearchGifsViewController.m */ = {isa = PBXFileReference; fileEncoding = 4; lastKnownFileType = sourcecode.c.objc; path = SearchGifsViewController.m; sourceTree = "<group>"; };
		E368D70F1E42B1020051CC0F /* GifCollectionViewCell.h */ = {isa = PBXFileReference; fileEncoding = 4; lastKnownFileType = sourcecode.c.h; path = GifCollectionViewCell.h; sourceTree = "<group>"; };
		E368D7101E42B1020051CC0F /* GifCollectionViewCell.m */ = {isa = PBXFileReference; fileEncoding = 4; lastKnownFileType = sourcecode.c.objc; path = GifCollectionViewCell.m; sourceTree = "<group>"; };
		E368D7141E4A45F30051CC0F /* NSDictionary+Validate.h */ = {isa = PBXFileReference; fileEncoding = 4; lastKnownFileType = sourcecode.c.h; path = "NSDictionary+Validate.h"; sourceTree = "<group>"; };
		E368D7151E4A45F30051CC0F /* NSDictionary+Validate.m */ = {isa = PBXFileReference; fileEncoding = 4; lastKnownFileType = sourcecode.c.objc; path = "NSDictionary+Validate.m"; sourceTree = "<group>"; };
		E368D7191E4A46DF0051CC0F /* GiphyParser.h */ = {isa = PBXFileReference; fileEncoding = 4; lastKnownFileType = sourcecode.c.h; path = GiphyParser.h; sourceTree = "<group>"; };
		E368D71A1E4A46DF0051CC0F /* GiphyParser.m */ = {isa = PBXFileReference; fileEncoding = 4; lastKnownFileType = sourcecode.c.objc; path = GiphyParser.m; sourceTree = "<group>"; };
		E371937C1E40B545008ABC51 /* TestAppAgilie.app */ = {isa = PBXFileReference; explicitFileType = wrapper.application; includeInIndex = 0; path = TestAppAgilie.app; sourceTree = BUILT_PRODUCTS_DIR; };
		E37193801E40B545008ABC51 /* main.m */ = {isa = PBXFileReference; lastKnownFileType = sourcecode.c.objc; path = main.m; sourceTree = "<group>"; };
		E37193821E40B545008ABC51 /* AppDelegate.h */ = {isa = PBXFileReference; lastKnownFileType = sourcecode.c.h; path = AppDelegate.h; sourceTree = "<group>"; };
		E37193831E40B545008ABC51 /* AppDelegate.m */ = {isa = PBXFileReference; lastKnownFileType = sourcecode.c.objc; path = AppDelegate.m; sourceTree = "<group>"; };
		E37193861E40B545008ABC51 /* TestAppAgilie.xcdatamodel */ = {isa = PBXFileReference; lastKnownFileType = wrapper.xcdatamodel; path = TestAppAgilie.xcdatamodel; sourceTree = "<group>"; };
		E371938F1E40B545008ABC51 /* Base */ = {isa = PBXFileReference; lastKnownFileType = file.storyboard; name = Base; path = Base.lproj/Main.storyboard; sourceTree = "<group>"; };
		E37193911E40B545008ABC51 /* Assets.xcassets */ = {isa = PBXFileReference; lastKnownFileType = folder.assetcatalog; path = Assets.xcassets; sourceTree = "<group>"; };
		E37193941E40B545008ABC51 /* Base */ = {isa = PBXFileReference; lastKnownFileType = file.storyboard; name = Base; path = Base.lproj/LaunchScreen.storyboard; sourceTree = "<group>"; };
		E37193961E40B545008ABC51 /* Info.plist */ = {isa = PBXFileReference; lastKnownFileType = text.plist.xml; path = Info.plist; sourceTree = "<group>"; };
		E371939B1E40B545008ABC51 /* TestAppAgilieTests.xctest */ = {isa = PBXFileReference; explicitFileType = wrapper.cfbundle; includeInIndex = 0; path = TestAppAgilieTests.xctest; sourceTree = BUILT_PRODUCTS_DIR; };
		E371939F1E40B545008ABC51 /* TestAppAgilieTests.m */ = {isa = PBXFileReference; lastKnownFileType = sourcecode.c.objc; path = TestAppAgilieTests.m; sourceTree = "<group>"; };
		E37193A11E40B545008ABC51 /* Info.plist */ = {isa = PBXFileReference; lastKnownFileType = text.plist.xml; path = Info.plist; sourceTree = "<group>"; };
		E37193A61E40B545008ABC51 /* TestAppAgilieUITests.xctest */ = {isa = PBXFileReference; explicitFileType = wrapper.cfbundle; includeInIndex = 0; path = TestAppAgilieUITests.xctest; sourceTree = BUILT_PRODUCTS_DIR; };
		E37193AA1E40B545008ABC51 /* TestAppAgilieUITests.m */ = {isa = PBXFileReference; lastKnownFileType = sourcecode.c.objc; path = TestAppAgilieUITests.m; sourceTree = "<group>"; };
		E37193AC1E40B545008ABC51 /* Info.plist */ = {isa = PBXFileReference; lastKnownFileType = text.plist.xml; path = Info.plist; sourceTree = "<group>"; };
/* End PBXFileReference section */

/* Begin PBXFrameworksBuildPhase section */
		E37193791E40B545008ABC51 /* Frameworks */ = {
			isa = PBXFrameworksBuildPhase;
			buildActionMask = 2147483647;
			files = (
				AACD159BB41F2D7E90BB97BD /* libPods-TestAppAgilie.a in Frameworks */,
			);
			runOnlyForDeploymentPostprocessing = 0;
		};
		E37193981E40B545008ABC51 /* Frameworks */ = {
			isa = PBXFrameworksBuildPhase;
			buildActionMask = 2147483647;
			files = (
				1F221B355564A1F9C2BDBACF /* libPods-TestAppAgilieTests.a in Frameworks */,
			);
			runOnlyForDeploymentPostprocessing = 0;
		};
		E37193A31E40B545008ABC51 /* Frameworks */ = {
			isa = PBXFrameworksBuildPhase;
			buildActionMask = 2147483647;
			files = (
				68D631C190E3B441067CB9C6 /* libPods-TestAppAgilieUITests.a in Frameworks */,
			);
			runOnlyForDeploymentPostprocessing = 0;
		};
/* End PBXFrameworksBuildPhase section */

/* Begin PBXGroup section */
		8A47E6ACF254F136C98DBBC0 /* Frameworks */ = {
			isa = PBXGroup;
			children = (
				8214622CC3C32161632D8806 /* libPods-TestAppAgilie.a */,
				9B3311F52AA11C248D23738D /* libPods-TestAppAgilieTests.a */,
				B4D9D2698DC7E6F6EA0E83A9 /* libPods-TestAppAgilieUITests.a */,
			);
			name = Frameworks;
			sourceTree = "<group>";
		};
		AF9AC10420A28F5290410A6D /* Pods */ = {
			isa = PBXGroup;
			children = (
				205B8009769D634CD24796FE /* Pods-TestAppAgilie.debug.xcconfig */,
				810423D70F557EDAC52F18D4 /* Pods-TestAppAgilie.release.xcconfig */,
				A332AD568DD9FEC8810C8AB2 /* Pods-TestAppAgilieTests.debug.xcconfig */,
				AA88CBB2C6C58B9823B25B51 /* Pods-TestAppAgilieTests.release.xcconfig */,
				822194ADD4886B057A3AA90A /* Pods-TestAppAgilieUITests.debug.xcconfig */,
				39C05517637B2973AB087509 /* Pods-TestAppAgilieUITests.release.xcconfig */,
			);
			name = Pods;
			sourceTree = "<group>";
		};
		E368D6F81E420B330051CC0F /* Models */ = {
			isa = PBXGroup;
			children = (
				E368D7061E4263360051CC0F /* GifItem */,
			);
			name = Models;
			sourceTree = "<group>";
		};
		E368D6F91E420B690051CC0F /* GiphyAPIManager */ = {
			isa = PBXGroup;
			children = (
				E368D7121E4A43E50051CC0F /* GiphyParser */,
				E368D7131E4A458B0051CC0F /* GiphyApiClient */,
			);
			name = GiphyAPIManager;
			sourceTree = "<group>";
		};
		E368D7061E4263360051CC0F /* GifItem */ = {
			isa = PBXGroup;
			children = (
				E368D7001E42387B0051CC0F /* GifItem.h */,
				E368D7011E42387B0051CC0F /* GifItem.m */,
			);
			name = GifItem;
			sourceTree = "<group>";
		};
		E368D7081E42642F0051CC0F /* SearchGifsViewController */ = {
			isa = PBXGroup;
			children = (
				E368D70E1E42B0E50051CC0F /* GifCollectionViewCell */,
				E368D70B1E4264800051CC0F /* SearchGifsViewController.h */,
				E368D70C1E4264800051CC0F /* SearchGifsViewController.m */,
			);
			name = SearchGifsViewController;
			sourceTree = "<group>";
		};
		E368D70E1E42B0E50051CC0F /* GifCollectionViewCell */ = {
			isa = PBXGroup;
			children = (
				E368D70F1E42B1020051CC0F /* GifCollectionViewCell.h */,
				E368D7101E42B1020051CC0F /* GifCollectionViewCell.m */,
			);
			name = GifCollectionViewCell;
			sourceTree = "<group>";
		};
		E368D7121E4A43E50051CC0F /* GiphyParser */ = {
			isa = PBXGroup;
			children = (
				E368D7191E4A46DF0051CC0F /* GiphyParser.h */,
				E368D71A1E4A46DF0051CC0F /* GiphyParser.m */,
			);
			name = GiphyParser;
			sourceTree = "<group>";
		};
		E368D7131E4A458B0051CC0F /* GiphyApiClient */ = {
			isa = PBXGroup;
			children = (
				E368D6FC1E420F620051CC0F /* GIphyAPIManager.h */,
				E368D6FD1E420F620051CC0F /* GIphyAPIManager.m */,
			);
			name = GiphyApiClient;
			sourceTree = "<group>";
		};
		E368D7171E4A46520051CC0F /* NSDictionaryValidate */ = {
			isa = PBXGroup;
			children = (
				E368D7141E4A45F30051CC0F /* NSDictionary+Validate.h */,
				E368D7151E4A45F30051CC0F /* NSDictionary+Validate.m */,
			);
			name = NSDictionaryValidate;
			sourceTree = "<group>";
		};
		E368D7181E4A46850051CC0F /* Library */ = {
			isa = PBXGroup;
			children = (
				E368D7171E4A46520051CC0F /* NSDictionaryValidate */,
			);
			name = Library;
			sourceTree = "<group>";
		};
		E37193731E40B544008ABC51 = {
			isa = PBXGroup;
			children = (
				E371937E1E40B545008ABC51 /* TestAppAgilie */,
				E371939E1E40B545008ABC51 /* TestAppAgilieTests */,
				E37193A91E40B545008ABC51 /* TestAppAgilieUITests */,
				E371937D1E40B545008ABC51 /* Products */,
				AF9AC10420A28F5290410A6D /* Pods */,
				8A47E6ACF254F136C98DBBC0 /* Frameworks */,
			);
			sourceTree = "<group>";
		};
		E371937D1E40B545008ABC51 /* Products */ = {
			isa = PBXGroup;
			children = (
				E371937C1E40B545008ABC51 /* TestAppAgilie.app */,
				E371939B1E40B545008ABC51 /* TestAppAgilieTests.xctest */,
				E37193A61E40B545008ABC51 /* TestAppAgilieUITests.xctest */,
			);
			name = Products;
			sourceTree = "<group>";
		};
		E371937E1E40B545008ABC51 /* TestAppAgilie */ = {
			isa = PBXGroup;
			children = (
				E368D7181E4A46850051CC0F /* Library */,
				E368D7081E42642F0051CC0F /* SearchGifsViewController */,
				E368D6F91E420B690051CC0F /* GiphyAPIManager */,
				E368D6F81E420B330051CC0F /* Models */,
				E37193821E40B545008ABC51 /* AppDelegate.h */,
				E37193831E40B545008ABC51 /* AppDelegate.m */,
				E371938E1E40B545008ABC51 /* Main.storyboard */,
				E37193911E40B545008ABC51 /* Assets.xcassets */,
				E37193931E40B545008ABC51 /* LaunchScreen.storyboard */,
				E37193961E40B545008ABC51 /* Info.plist */,
				E37193851E40B545008ABC51 /* TestAppAgilie.xcdatamodeld */,
				E371937F1E40B545008ABC51 /* Supporting Files */,
			);
			path = TestAppAgilie;
			sourceTree = "<group>";
		};
		E371937F1E40B545008ABC51 /* Supporting Files */ = {
			isa = PBXGroup;
			children = (
				E37193801E40B545008ABC51 /* main.m */,
				E368D6FA1E420D6C0051CC0F /* Defines.h */,
				E368D6FF1E4211DC0051CC0F /* PrefixHeader.pch */,
			);
			name = "Supporting Files";
			sourceTree = "<group>";
		};
		E371939E1E40B545008ABC51 /* TestAppAgilieTests */ = {
			isa = PBXGroup;
			children = (
				E371939F1E40B545008ABC51 /* TestAppAgilieTests.m */,
				E37193A11E40B545008ABC51 /* Info.plist */,
			);
			path = TestAppAgilieTests;
			sourceTree = "<group>";
		};
		E37193A91E40B545008ABC51 /* TestAppAgilieUITests */ = {
			isa = PBXGroup;
			children = (
				E37193AA1E40B545008ABC51 /* TestAppAgilieUITests.m */,
				E37193AC1E40B545008ABC51 /* Info.plist */,
			);
			path = TestAppAgilieUITests;
			sourceTree = "<group>";
		};
/* End PBXGroup section */

/* Begin PBXNativeTarget section */
		E371937B1E40B545008ABC51 /* TestAppAgilie */ = {
			isa = PBXNativeTarget;
			buildConfigurationList = E37193AF1E40B545008ABC51 /* Build configuration list for PBXNativeTarget "TestAppAgilie" */;
			buildPhases = (
				BB2FF2ED149A70DBCF90A783 /* [CP] Check Pods Manifest.lock */,
				E37193781E40B545008ABC51 /* Sources */,
				E37193791E40B545008ABC51 /* Frameworks */,
				E371937A1E40B545008ABC51 /* Resources */,
				D3FD9334E6B5365CCE46ABB7 /* [CP] Embed Pods Frameworks */,
				47E26478567B57725A4A81F1 /* [CP] Copy Pods Resources */,
			);
			buildRules = (
			);
			dependencies = (
			);
			name = TestAppAgilie;
			productName = TestAppAgilie;
			productReference = E371937C1E40B545008ABC51 /* TestAppAgilie.app */;
			productType = "com.apple.product-type.application";
		};
		E371939A1E40B545008ABC51 /* TestAppAgilieTests */ = {
			isa = PBXNativeTarget;
			buildConfigurationList = E37193B21E40B545008ABC51 /* Build configuration list for PBXNativeTarget "TestAppAgilieTests" */;
			buildPhases = (
				3EB10FC6CF07A88FC8DA0DFD /* [CP] Check Pods Manifest.lock */,
				E37193971E40B545008ABC51 /* Sources */,
				E37193981E40B545008ABC51 /* Frameworks */,
				E37193991E40B545008ABC51 /* Resources */,
				EECC087481C5C91BAC9FC5E8 /* [CP] Embed Pods Frameworks */,
				462F1C9FA70D41FA3F2D81DC /* [CP] Copy Pods Resources */,
			);
			buildRules = (
			);
			dependencies = (
				E371939D1E40B545008ABC51 /* PBXTargetDependency */,
			);
			name = TestAppAgilieTests;
			productName = TestAppAgilieTests;
			productReference = E371939B1E40B545008ABC51 /* TestAppAgilieTests.xctest */;
			productType = "com.apple.product-type.bundle.unit-test";
		};
		E37193A51E40B545008ABC51 /* TestAppAgilieUITests */ = {
			isa = PBXNativeTarget;
			buildConfigurationList = E37193B51E40B545008ABC51 /* Build configuration list for PBXNativeTarget "TestAppAgilieUITests" */;
			buildPhases = (
				FF4DD6527B4E300EED0CDFB5 /* [CP] Check Pods Manifest.lock */,
				E37193A21E40B545008ABC51 /* Sources */,
				E37193A31E40B545008ABC51 /* Frameworks */,
				E37193A41E40B545008ABC51 /* Resources */,
				8F0FE8B9A610B209663BB40D /* [CP] Embed Pods Frameworks */,
				11C6EA80FD520A1ADF012638 /* [CP] Copy Pods Resources */,
			);
			buildRules = (
			);
			dependencies = (
				E37193A81E40B545008ABC51 /* PBXTargetDependency */,
			);
			name = TestAppAgilieUITests;
			productName = TestAppAgilieUITests;
			productReference = E37193A61E40B545008ABC51 /* TestAppAgilieUITests.xctest */;
			productType = "com.apple.product-type.bundle.ui-testing";
		};
/* End PBXNativeTarget section */

/* Begin PBXProject section */
		E37193741E40B544008ABC51 /* Project object */ = {
			isa = PBXProject;
			attributes = {
				LastUpgradeCheck = 0800;
				ORGANIZATIONNAME = "Nikita Ilyukhin";
				TargetAttributes = {
					E371937B1E40B545008ABC51 = {
						CreatedOnToolsVersion = 8.0;
						ProvisioningStyle = Automatic;
					};
					E371939A1E40B545008ABC51 = {
						CreatedOnToolsVersion = 8.0;
						ProvisioningStyle = Automatic;
						TestTargetID = E371937B1E40B545008ABC51;
					};
					E37193A51E40B545008ABC51 = {
						CreatedOnToolsVersion = 8.0;
						ProvisioningStyle = Automatic;
						TestTargetID = E371937B1E40B545008ABC51;
					};
				};
			};
			buildConfigurationList = E37193771E40B545008ABC51 /* Build configuration list for PBXProject "TestAppAgilie" */;
			compatibilityVersion = "Xcode 3.2";
			developmentRegion = English;
			hasScannedForEncodings = 0;
			knownRegions = (
				en,
				Base,
			);
			mainGroup = E37193731E40B544008ABC51;
			productRefGroup = E371937D1E40B545008ABC51 /* Products */;
			projectDirPath = "";
			projectRoot = "";
			targets = (
				E371937B1E40B545008ABC51 /* TestAppAgilie */,
				E371939A1E40B545008ABC51 /* TestAppAgilieTests */,
				E37193A51E40B545008ABC51 /* TestAppAgilieUITests */,
			);
		};
/* End PBXProject section */

/* Begin PBXResourcesBuildPhase section */
		E371937A1E40B545008ABC51 /* Resources */ = {
			isa = PBXResourcesBuildPhase;
			buildActionMask = 2147483647;
			files = (
				E37193951E40B545008ABC51 /* LaunchScreen.storyboard in Resources */,
				E37193921E40B545008ABC51 /* Assets.xcassets in Resources */,
				E37193901E40B545008ABC51 /* Main.storyboard in Resources */,
			);
			runOnlyForDeploymentPostprocessing = 0;
		};
		E37193991E40B545008ABC51 /* Resources */ = {
			isa = PBXResourcesBuildPhase;
			buildActionMask = 2147483647;
			files = (
			);
			runOnlyForDeploymentPostprocessing = 0;
		};
		E37193A41E40B545008ABC51 /* Resources */ = {
			isa = PBXResourcesBuildPhase;
			buildActionMask = 2147483647;
			files = (
			);
			runOnlyForDeploymentPostprocessing = 0;
		};
/* End PBXResourcesBuildPhase section */

/* Begin PBXShellScriptBuildPhase section */
		11C6EA80FD520A1ADF012638 /* [CP] Copy Pods Resources */ = {
			isa = PBXShellScriptBuildPhase;
			buildActionMask = 2147483647;
			files = (
			);
			inputPaths = (
			);
			name = "[CP] Copy Pods Resources";
			outputPaths = (
			);
			runOnlyForDeploymentPostprocessing = 0;
			shellPath = /bin/sh;
			shellScript = "\"${SRCROOT}/Pods/Target Support Files/Pods-TestAppAgilieUITests/Pods-TestAppAgilieUITests-resources.sh\"\n";
			showEnvVarsInLog = 0;
		};
		3EB10FC6CF07A88FC8DA0DFD /* [CP] Check Pods Manifest.lock */ = {
			isa = PBXShellScriptBuildPhase;
			buildActionMask = 2147483647;
			files = (
			);
			inputPaths = (
			);
			name = "[CP] Check Pods Manifest.lock";
			outputPaths = (
			);
			runOnlyForDeploymentPostprocessing = 0;
			shellPath = /bin/sh;
			shellScript = "diff \"${PODS_ROOT}/../Podfile.lock\" \"${PODS_ROOT}/Manifest.lock\" > /dev/null\nif [ $? != 0 ] ; then\n    # print error to STDERR\n    echo \"error: The sandbox is not in sync with the Podfile.lock. Run 'pod install' or update your CocoaPods installation.\" >&2\n    exit 1\nfi\n";
			showEnvVarsInLog = 0;
		};
		462F1C9FA70D41FA3F2D81DC /* [CP] Copy Pods Resources */ = {
			isa = PBXShellScriptBuildPhase;
			buildActionMask = 2147483647;
			files = (
			);
			inputPaths = (
			);
			name = "[CP] Copy Pods Resources";
			outputPaths = (
			);
			runOnlyForDeploymentPostprocessing = 0;
			shellPath = /bin/sh;
			shellScript = "\"${SRCROOT}/Pods/Target Support Files/Pods-TestAppAgilieTests/Pods-TestAppAgilieTests-resources.sh\"\n";
			showEnvVarsInLog = 0;
		};
		47E26478567B57725A4A81F1 /* [CP] Copy Pods Resources */ = {
			isa = PBXShellScriptBuildPhase;
			buildActionMask = 2147483647;
			files = (
			);
			inputPaths = (
			);
			name = "[CP] Copy Pods Resources";
			outputPaths = (
			);
			runOnlyForDeploymentPostprocessing = 0;
			shellPath = /bin/sh;
			shellScript = "\"${SRCROOT}/Pods/Target Support Files/Pods-TestAppAgilie/Pods-TestAppAgilie-resources.sh\"\n";
			showEnvVarsInLog = 0;
		};
		8F0FE8B9A610B209663BB40D /* [CP] Embed Pods Frameworks */ = {
			isa = PBXShellScriptBuildPhase;
			buildActionMask = 2147483647;
			files = (
			);
			inputPaths = (
			);
			name = "[CP] Embed Pods Frameworks";
			outputPaths = (
			);
			runOnlyForDeploymentPostprocessing = 0;
			shellPath = /bin/sh;
			shellScript = "\"${SRCROOT}/Pods/Target Support Files/Pods-TestAppAgilieUITests/Pods-TestAppAgilieUITests-frameworks.sh\"\n";
			showEnvVarsInLog = 0;
		};
		BB2FF2ED149A70DBCF90A783 /* [CP] Check Pods Manifest.lock */ = {
			isa = PBXShellScriptBuildPhase;
			buildActionMask = 2147483647;
			files = (
			);
			inputPaths = (
			);
			name = "[CP] Check Pods Manifest.lock";
			outputPaths = (
			);
			runOnlyForDeploymentPostprocessing = 0;
			shellPath = /bin/sh;
			shellScript = "diff \"${PODS_ROOT}/../Podfile.lock\" \"${PODS_ROOT}/Manifest.lock\" > /dev/null\nif [ $? != 0 ] ; then\n    # print error to STDERR\n    echo \"error: The sandbox is not in sync with the Podfile.lock. Run 'pod install' or update your CocoaPods installation.\" >&2\n    exit 1\nfi\n";
			showEnvVarsInLog = 0;
		};
		D3FD9334E6B5365CCE46ABB7 /* [CP] Embed Pods Frameworks */ = {
			isa = PBXShellScriptBuildPhase;
			buildActionMask = 2147483647;
			files = (
			);
			inputPaths = (
			);
			name = "[CP] Embed Pods Frameworks";
			outputPaths = (
			);
			runOnlyForDeploymentPostprocessing = 0;
			shellPath = /bin/sh;
			shellScript = "\"${SRCROOT}/Pods/Target Support Files/Pods-TestAppAgilie/Pods-TestAppAgilie-frameworks.sh\"\n";
			showEnvVarsInLog = 0;
		};
		EECC087481C5C91BAC9FC5E8 /* [CP] Embed Pods Frameworks */ = {
			isa = PBXShellScriptBuildPhase;
			buildActionMask = 2147483647;
			files = (
			);
			inputPaths = (
			);
			name = "[CP] Embed Pods Frameworks";
			outputPaths = (
			);
			runOnlyForDeploymentPostprocessing = 0;
			shellPath = /bin/sh;
			shellScript = "\"${SRCROOT}/Pods/Target Support Files/Pods-TestAppAgilieTests/Pods-TestAppAgilieTests-frameworks.sh\"\n";
			showEnvVarsInLog = 0;
		};
		FF4DD6527B4E300EED0CDFB5 /* [CP] Check Pods Manifest.lock */ = {
			isa = PBXShellScriptBuildPhase;
			buildActionMask = 2147483647;
			files = (
			);
			inputPaths = (
			);
			name = "[CP] Check Pods Manifest.lock";
			outputPaths = (
			);
			runOnlyForDeploymentPostprocessing = 0;
			shellPath = /bin/sh;
			shellScript = "diff \"${PODS_ROOT}/../Podfile.lock\" \"${PODS_ROOT}/Manifest.lock\" > /dev/null\nif [ $? != 0 ] ; then\n    # print error to STDERR\n    echo \"error: The sandbox is not in sync with the Podfile.lock. Run 'pod install' or update your CocoaPods installation.\" >&2\n    exit 1\nfi\n";
			showEnvVarsInLog = 0;
		};
/* End PBXShellScriptBuildPhase section */

/* Begin PBXSourcesBuildPhase section */
		E37193781E40B545008ABC51 /* Sources */ = {
			isa = PBXSourcesBuildPhase;
			buildActionMask = 2147483647;
			files = (
				E368D71B1E4A46DF0051CC0F /* GiphyParser.m in Sources */,
				E368D70D1E4264800051CC0F /* SearchGifsViewController.m in Sources */,
				E37193841E40B545008ABC51 /* AppDelegate.m in Sources */,
				E368D7021E42387B0051CC0F /* GifItem.m in Sources */,
				E37193811E40B545008ABC51 /* main.m in Sources */,
				E368D6FE1E420F620051CC0F /* GIphyAPIManager.m in Sources */,
				E37193871E40B545008ABC51 /* TestAppAgilie.xcdatamodeld in Sources */,
				E368D7111E42B1020051CC0F /* GifCollectionViewCell.m in Sources */,
				E368D7161E4A45F30051CC0F /* NSDictionary+Validate.m in Sources */,
			);
			runOnlyForDeploymentPostprocessing = 0;
		};
		E37193971E40B545008ABC51 /* Sources */ = {
			isa = PBXSourcesBuildPhase;
			buildActionMask = 2147483647;
			files = (
				E37193A01E40B545008ABC51 /* TestAppAgilieTests.m in Sources */,
			);
			runOnlyForDeploymentPostprocessing = 0;
		};
		E37193A21E40B545008ABC51 /* Sources */ = {
			isa = PBXSourcesBuildPhase;
			buildActionMask = 2147483647;
			files = (
				E37193AB1E40B545008ABC51 /* TestAppAgilieUITests.m in Sources */,
			);
			runOnlyForDeploymentPostprocessing = 0;
		};
/* End PBXSourcesBuildPhase section */

/* Begin PBXTargetDependency section */
		E371939D1E40B545008ABC51 /* PBXTargetDependency */ = {
			isa = PBXTargetDependency;
			target = E371937B1E40B545008ABC51 /* TestAppAgilie */;
			targetProxy = E371939C1E40B545008ABC51 /* PBXContainerItemProxy */;
		};
		E37193A81E40B545008ABC51 /* PBXTargetDependency */ = {
			isa = PBXTargetDependency;
			target = E371937B1E40B545008ABC51 /* TestAppAgilie */;
			targetProxy = E37193A71E40B545008ABC51 /* PBXContainerItemProxy */;
		};
/* End PBXTargetDependency section */

/* Begin PBXVariantGroup section */
		E371938E1E40B545008ABC51 /* Main.storyboard */ = {
			isa = PBXVariantGroup;
			children = (
				E371938F1E40B545008ABC51 /* Base */,
			);
			name = Main.storyboard;
			sourceTree = "<group>";
		};
		E37193931E40B545008ABC51 /* LaunchScreen.storyboard */ = {
			isa = PBXVariantGroup;
			children = (
				E37193941E40B545008ABC51 /* Base */,
			);
			name = LaunchScreen.storyboard;
			sourceTree = "<group>";
		};
/* End PBXVariantGroup section */

/* Begin XCBuildConfiguration section */
		E37193AD1E40B545008ABC51 /* Debug */ = {
			isa = XCBuildConfiguration;
			buildSettings = {
				ALWAYS_SEARCH_USER_PATHS = NO;
				CLANG_ANALYZER_NONNULL = YES;
				CLANG_CXX_LANGUAGE_STANDARD = "gnu++0x";
				CLANG_CXX_LIBRARY = "libc++";
				CLANG_ENABLE_MODULES = YES;
				CLANG_ENABLE_OBJC_ARC = YES;
				CLANG_WARN_BOOL_CONVERSION = YES;
				CLANG_WARN_CONSTANT_CONVERSION = YES;
				CLANG_WARN_DIRECT_OBJC_ISA_USAGE = YES_ERROR;
				CLANG_WARN_DOCUMENTATION_COMMENTS = YES;
				CLANG_WARN_EMPTY_BODY = YES;
				CLANG_WARN_ENUM_CONVERSION = YES;
				CLANG_WARN_INFINITE_RECURSION = YES;
				CLANG_WARN_INT_CONVERSION = YES;
				CLANG_WARN_OBJC_ROOT_CLASS = YES_ERROR;
				CLANG_WARN_SUSPICIOUS_MOVES = YES;
				CLANG_WARN_UNREACHABLE_CODE = YES;
				CLANG_WARN__DUPLICATE_METHOD_MATCH = YES;
				"CODE_SIGN_IDENTITY[sdk=iphoneos*]" = "iPhone Developer";
				COPY_PHASE_STRIP = NO;
				DEBUG_INFORMATION_FORMAT = dwarf;
				ENABLE_STRICT_OBJC_MSGSEND = YES;
				ENABLE_TESTABILITY = YES;
				GCC_C_LANGUAGE_STANDARD = gnu99;
				GCC_DYNAMIC_NO_PIC = NO;
				GCC_NO_COMMON_BLOCKS = YES;
				GCC_OPTIMIZATION_LEVEL = 0;
				GCC_PREPROCESSOR_DEFINITIONS = (
					"DEBUG=1",
					"$(inherited)",
				);
				GCC_WARN_64_TO_32_BIT_CONVERSION = YES;
				GCC_WARN_ABOUT_RETURN_TYPE = YES_ERROR;
				GCC_WARN_UNDECLARED_SELECTOR = YES;
				GCC_WARN_UNINITIALIZED_AUTOS = YES_AGGRESSIVE;
				GCC_WARN_UNUSED_FUNCTION = YES;
				GCC_WARN_UNUSED_VARIABLE = YES;
				IPHONEOS_DEPLOYMENT_TARGET = 10.0;
				MTL_ENABLE_DEBUG_INFO = YES;
				ONLY_ACTIVE_ARCH = YES;
				SDKROOT = iphoneos;
				TARGETED_DEVICE_FAMILY = "1,2";
			};
			name = Debug;
		};
		E37193AE1E40B545008ABC51 /* Release */ = {
			isa = XCBuildConfiguration;
			buildSettings = {
				ALWAYS_SEARCH_USER_PATHS = NO;
				CLANG_ANALYZER_NONNULL = YES;
				CLANG_CXX_LANGUAGE_STANDARD = "gnu++0x";
				CLANG_CXX_LIBRARY = "libc++";
				CLANG_ENABLE_MODULES = YES;
				CLANG_ENABLE_OBJC_ARC = YES;
				CLANG_WARN_BOOL_CONVERSION = YES;
				CLANG_WARN_CONSTANT_CONVERSION = YES;
				CLANG_WARN_DIRECT_OBJC_ISA_USAGE = YES_ERROR;
				CLANG_WARN_DOCUMENTATION_COMMENTS = YES;
				CLANG_WARN_EMPTY_BODY = YES;
				CLANG_WARN_ENUM_CONVERSION = YES;
				CLANG_WARN_INFINITE_RECURSION = YES;
				CLANG_WARN_INT_CONVERSION = YES;
				CLANG_WARN_OBJC_ROOT_CLASS = YES_ERROR;
				CLANG_WARN_SUSPICIOUS_MOVES = YES;
				CLANG_WARN_UNREACHABLE_CODE = YES;
				CLANG_WARN__DUPLICATE_METHOD_MATCH = YES;
				"CODE_SIGN_IDENTITY[sdk=iphoneos*]" = "iPhone Developer";
				COPY_PHASE_STRIP = NO;
				DEBUG_INFORMATION_FORMAT = "dwarf-with-dsym";
				ENABLE_NS_ASSERTIONS = NO;
				ENABLE_STRICT_OBJC_MSGSEND = YES;
				GCC_C_LANGUAGE_STANDARD = gnu99;
				GCC_NO_COMMON_BLOCKS = YES;
				GCC_WARN_64_TO_32_BIT_CONVERSION = YES;
				GCC_WARN_ABOUT_RETURN_TYPE = YES_ERROR;
				GCC_WARN_UNDECLARED_SELECTOR = YES;
				GCC_WARN_UNINITIALIZED_AUTOS = YES_AGGRESSIVE;
				GCC_WARN_UNUSED_FUNCTION = YES;
				GCC_WARN_UNUSED_VARIABLE = YES;
				IPHONEOS_DEPLOYMENT_TARGET = 10.0;
				MTL_ENABLE_DEBUG_INFO = NO;
				SDKROOT = iphoneos;
				TARGETED_DEVICE_FAMILY = "1,2";
				VALIDATE_PRODUCT = YES;
			};
			name = Release;
		};
		E37193B01E40B545008ABC51 /* Debug */ = {
			isa = XCBuildConfiguration;
			baseConfigurationReference = 205B8009769D634CD24796FE /* Pods-TestAppAgilie.debug.xcconfig */;
			buildSettings = {
				ASSETCATALOG_COMPILER_APPICON_NAME = AppIcon;
				GCC_INCREASE_PRECOMPILED_HEADER_SHARING = NO;
				GCC_PRECOMPILE_PREFIX_HEADER = YES;
				GCC_PREFIX_HEADER = "$(SRCROOT)/$(PROJECT_NAME)/PrefixHeader.pch";
				INFOPLIST_FILE = TestAppAgilie/Info.plist;
				LD_RUNPATH_SEARCH_PATHS = "$(inherited) @executable_path/Frameworks";
				PRODUCT_BUNDLE_IDENTIFIER = Ilyukhin.TestAppAgilie;
				PRODUCT_NAME = "$(TARGET_NAME)";
			};
			name = Debug;
		};
		E37193B11E40B545008ABC51 /* Release */ = {
			isa = XCBuildConfiguration;
			baseConfigurationReference = 810423D70F557EDAC52F18D4 /* Pods-TestAppAgilie.release.xcconfig */;
			buildSettings = {
				ASSETCATALOG_COMPILER_APPICON_NAME = AppIcon;
				GCC_INCREASE_PRECOMPILED_HEADER_SHARING = NO;
				GCC_PRECOMPILE_PREFIX_HEADER = YES;
				GCC_PREFIX_HEADER = "$(SRCROOT)/$(PROJECT_NAME)/PrefixHeader.pch";
				INFOPLIST_FILE = TestAppAgilie/Info.plist;
				LD_RUNPATH_SEARCH_PATHS = "$(inherited) @executable_path/Frameworks";
				PRODUCT_BUNDLE_IDENTIFIER = Ilyukhin.TestAppAgilie;
				PRODUCT_NAME = "$(TARGET_NAME)";
			};
			name = Release;
		};
		E37193B31E40B545008ABC51 /* Debug */ = {
			isa = XCBuildConfiguration;
			baseConfigurationReference = A332AD568DD9FEC8810C8AB2 /* Pods-TestAppAgilieTests.debug.xcconfig */;
			buildSettings = {
				BUNDLE_LOADER = "$(TEST_HOST)";
				INFOPLIST_FILE = TestAppAgilieTests/Info.plist;
				LD_RUNPATH_SEARCH_PATHS = "$(inherited) @executable_path/Frameworks @loader_path/Frameworks";
				PRODUCT_BUNDLE_IDENTIFIER = Ilyukhin.TestAppAgilieTests;
				PRODUCT_NAME = "$(TARGET_NAME)";
				TEST_HOST = "$(BUILT_PRODUCTS_DIR)/TestAppAgilie.app/TestAppAgilie";
			};
			name = Debug;
		};
		E37193B41E40B545008ABC51 /* Release */ = {
			isa = XCBuildConfiguration;
			baseConfigurationReference = AA88CBB2C6C58B9823B25B51 /* Pods-TestAppAgilieTests.release.xcconfig */;
			buildSettings = {
				BUNDLE_LOADER = "$(TEST_HOST)";
				INFOPLIST_FILE = TestAppAgilieTests/Info.plist;
				LD_RUNPATH_SEARCH_PATHS = "$(inherited) @executable_path/Frameworks @loader_path/Frameworks";
				PRODUCT_BUNDLE_IDENTIFIER = Ilyukhin.TestAppAgilieTests;
				PRODUCT_NAME = "$(TARGET_NAME)";
				TEST_HOST = "$(BUILT_PRODUCTS_DIR)/TestAppAgilie.app/TestAppAgilie";
			};
			name = Release;
		};
		E37193B61E40B545008ABC51 /* Debug */ = {
			isa = XCBuildConfiguration;
			baseConfigurationReference = 822194ADD4886B057A3AA90A /* Pods-TestAppAgilieUITests.debug.xcconfig */;
			buildSettings = {
				INFOPLIST_FILE = TestAppAgilieUITests/Info.plist;
				LD_RUNPATH_SEARCH_PATHS = "$(inherited) @executable_path/Frameworks @loader_path/Frameworks";
				PRODUCT_BUNDLE_IDENTIFIER = Ilyukhin.TestAppAgilieUITests;
				PRODUCT_NAME = "$(TARGET_NAME)";
				TEST_TARGET_NAME = TestAppAgilie;
			};
			name = Debug;
		};
		E37193B71E40B545008ABC51 /* Release */ = {
			isa = XCBuildConfiguration;
			baseConfigurationReference = 39C05517637B2973AB087509 /* Pods-TestAppAgilieUITests.release.xcconfig */;
			buildSettings = {
				INFOPLIST_FILE = TestAppAgilieUITests/Info.plist;
				LD_RUNPATH_SEARCH_PATHS = "$(inherited) @executable_path/Frameworks @loader_path/Frameworks";
				PRODUCT_BUNDLE_IDENTIFIER = Ilyukhin.TestAppAgilieUITests;
				PRODUCT_NAME = "$(TARGET_NAME)";
				TEST_TARGET_NAME = TestAppAgilie;
			};
			name = Release;
		};
/* End XCBuildConfiguration section */

/* Begin XCConfigurationList section */
		E37193771E40B545008ABC51 /* Build configuration list for PBXProject "TestAppAgilie" */ = {
			isa = XCConfigurationList;
			buildConfigurations = (
				E37193AD1E40B545008ABC51 /* Debug */,
				E37193AE1E40B545008ABC51 /* Release */,
			);
			defaultConfigurationIsVisible = 0;
			defaultConfigurationName = Release;
		};
		E37193AF1E40B545008ABC51 /* Build configuration list for PBXNativeTarget "TestAppAgilie" */ = {
			isa = XCConfigurationList;
			buildConfigurations = (
				E37193B01E40B545008ABC51 /* Debug */,
				E37193B11E40B545008ABC51 /* Release */,
			);
			defaultConfigurationIsVisible = 0;
			defaultConfigurationName = Release;
		};
		E37193B21E40B545008ABC51 /* Build configuration list for PBXNativeTarget "TestAppAgilieTests" */ = {
			isa = XCConfigurationList;
			buildConfigurations = (
				E37193B31E40B545008ABC51 /* Debug */,
				E37193B41E40B545008ABC51 /* Release */,
			);
			defaultConfigurationIsVisible = 0;
			defaultConfigurationName = Release;
		};
		E37193B51E40B545008ABC51 /* Build configuration list for PBXNativeTarget "TestAppAgilieUITests" */ = {
			isa = XCConfigurationList;
			buildConfigurations = (
				E37193B61E40B545008ABC51 /* Debug */,
				E37193B71E40B545008ABC51 /* Release */,
			);
			defaultConfigurationIsVisible = 0;
			defaultConfigurationName = Release;
		};
/* End XCConfigurationList section */

/* Begin XCVersionGroup section */
		E37193851E40B545008ABC51 /* TestAppAgilie.xcdatamodeld */ = {
			isa = XCVersionGroup;
			children = (
				E37193861E40B545008ABC51 /* TestAppAgilie.xcdatamodel */,
			);
			currentVersion = E37193861E40B545008ABC51 /* TestAppAgilie.xcdatamodel */;
			path = TestAppAgilie.xcdatamodeld;
			sourceTree = "<group>";
			versionGroupType = wrapper.xcdatamodel;
		};
/* End XCVersionGroup section */
	};
	rootObject = E37193741E40B544008ABC51 /* Project object */;
}
